
Microsoft Visual Studio Solution File, Format Version 12.00
# Visual Studio Version 17
VisualStudioVersion = 17.7.34003.232
MinimumVisualStudioVersion = 10.0.40219.1
Project("{FAE04EC0-301F-11D3-BF4B-00C04F79EFBC}") = "Projektl1d5a", "Projektl1d5a\Projektl1d5a.csproj", "{BDFF4D8D-FE61-4CF7-BCD0-04E89B04428A}"
EndProject
Global
	GlobalSection(SolutionConfigurationPlatforms) = preSolution
		Debug|Any CPU = Debug|Any CPU
		Release|Any CPU = Release|Any CPU
	EndGlobalSection
	GlobalSection(ProjectConfigurationPlatforms) = postSolution
		{BDFF4D8D-FE61-4CF7-BCD0-04E89B04428A}.Debug|Any CPU.ActiveCfg = Debug|Any CPU
		{BDFF4D8D-FE61-4CF7-BCD0-04E89B04428A}.Debug|Any CPU.Build.0 = Debug|Any CPU
		{BDFF4D8D-FE61-4CF7-BCD0-04E89B04428A}.Release|Any CPU.ActiveCfg = Release|Any CPU
		{BDFF4D8D-FE61-4CF7-BCD0-04E89B04428A}.Release|Any CPU.Build.0 = Release|Any CPU
	EndGlobalSection
	GlobalSection(SolutionProperties) = preSolution
		HideSolutionNode = FALSE
	EndGlobalSection
	GlobalSection(ExtensibilityGlobals) = postSolution
		SolutionGuid = {2E5B95FE-14B7-4E0D-B25F-1526B2DD5CAB}
	EndGlobalSection
EndGlobal
